// !$*UTF8*$!
{
	archiveVersion = 1;
	classes = {
	};
	objectVersion = 46;
	objects = {

/* Begin PBXBuildFile section */
		6D99A5481C144AC500198DD7 /* main.m in Sources */ = {isa = PBXBuildFile; fileRef = 6D99A5471C144AC500198DD7 /* main.m */; };
		6D99A54B1C144AC500198DD7 /* AppDelegate.m in Sources */ = {isa = PBXBuildFile; fileRef = 6D99A54A1C144AC500198DD7 /* AppDelegate.m */; };
		6D99A54E1C144AC500198DD7 /* ViewController.m in Sources */ = {isa = PBXBuildFile; fileRef = 6D99A54D1C144AC500198DD7 /* ViewController.m */; };
		6D99A5511C144AC500198DD7 /* Main.storyboard in Resources */ = {isa = PBXBuildFile; fileRef = 6D99A54F1C144AC500198DD7 /* Main.storyboard */; };
		6D99A5531C144AC500198DD7 /* Assets.xcassets in Resources */ = {isa = PBXBuildFile; fileRef = 6D99A5521C144AC500198DD7 /* Assets.xcassets */; };
		6D99A5561C144AC500198DD7 /* LaunchScreen.storyboard in Resources */ = {isa = PBXBuildFile; fileRef = 6D99A5541C144AC500198DD7 /* LaunchScreen.storyboard */; };
		6D99A5601C144BD900198DD7 /* TLBubbleView.m in Sources */ = {isa = PBXBuildFile; fileRef = 6D99A55F1C144BD900198DD7 /* TLBubbleView.m */; };
		6D99A5621C144F6200198DD7 /* cccsee20151206-0.png in Resources */ = {isa = PBXBuildFile; fileRef = 6D99A5611C144F6200198DD7 /* cccsee20151206-0.png */; };
/* End PBXBuildFile section */

/* Begin PBXFileReference section */
		6D99A5431C144AC500198DD7 /* BubbleViewDemo.app */ = {isa = PBXFileReference; explicitFileType = wrapper.application; includeInIndex = 0; path = BubbleViewDemo.app; sourceTree = BUILT_PRODUCTS_DIR; };
		6D99A5471C144AC500198DD7 /* main.m */ = {isa = PBXFileReference; lastKnownFileType = sourcecode.c.objc; path = main.m; sourceTree = "<group>"; };
		6D99A5491C144AC500198DD7 /* AppDelegate.h */ = {isa = PBXFileReference; lastKnownFileType = sourcecode.c.h; path = AppDelegate.h; sourceTree = "<group>"; };
		6D99A54A1C144AC500198DD7 /* AppDelegate.m */ = {isa = PBXFileReference; lastKnownFileType = sourcecode.c.objc; path = AppDelegate.m; sourceTree = "<group>"; };
		6D99A54C1C144AC500198DD7 /* ViewController.h */ = {isa = PBXFileReference; lastKnownFileType = sourcecode.c.h; path = ViewController.h; sourceTree = "<group>"; };
		6D99A54D1C144AC500198DD7 /* ViewController.m */ = {isa = PBXFileReference; lastKnownFileType = sourcecode.c.objc; path = ViewController.m; sourceTree = "<group>"; };
		6D99A5501C144AC500198DD7 /* Base */ = {isa = PBXFileReference; lastKnownFileType = file.storyboard; name = Base; path = Base.lproj/Main.storyboard; sourceTree = "<group>"; };
		6D99A5521C144AC500198DD7 /* Assets.xcassets */ = {isa = PBXFileReference; lastKnownFileType = folder.assetcatalog; path = Assets.xcassets; sourceTree = "<group>"; };
		6D99A5551C144AC500198DD7 /* Base */ = {isa = PBXFileReference; lastKnownFileType = file.storyboard; name = Base; path = Base.lproj/LaunchScreen.storyboard; sourceTree = "<group>"; };
		6D99A5571C144AC500198DD7 /* Info.plist */ = {isa = PBXFileReference; lastKnownFileType = text.plist.xml; path = Info.plist; sourceTree = "<group>"; };
		6D99A55E1C144BD900198DD7 /* TLBubbleView.h */ = {isa = PBXFileReference; fileEncoding = 4; lastKnownFileType = sourcecode.c.h; path = TLBubbleView.h; sourceTree = "<group>"; };
		6D99A55F1C144BD900198DD7 /* TLBubbleView.m */ = {isa = PBXFileReference; fileEncoding = 4; lastKnownFileType = sourcecode.c.objc; path = TLBubbleView.m; sourceTree = "<group>"; };
		6D99A5611C144F6200198DD7 /* cccsee20151206-0.png */ = {isa = PBXFileReference; lastKnownFileType = image.png; path = "cccsee20151206-0.png"; sourceTree = SOURCE_ROOT; };
/* End PBXFileReference section */

/* Begin PBXFrameworksBuildPhase section */
		6D99A5401C144AC500198DD7 /* Frameworks */ = {
			isa = PBXFrameworksBuildPhase;
			buildActionMask = 2147483647;
			files = (
			);
			runOnlyForDeploymentPostprocessing = 0;
		};
/* End PBXFrameworksBuildPhase section */

/* Begin PBXGroup section */
		6D99A53A1C144AC500198DD7 = {
			isa = PBXGroup;
			children = (
				6D99A55D1C144BD900198DD7 /* TLBubbleView */,
				6D99A5451C144AC500198DD7 /* BubbleViewDemo */,
				6D99A5441C144AC500198DD7 /* Products */,
			);
			sourceTree = "<group>";
		};
		6D99A5441C144AC500198DD7 /* Products */ = {
			isa = PBXGroup;
			children = (
				6D99A5431C144AC500198DD7 /* BubbleViewDemo.app */,
			);
			name = Products;
			sourceTree = "<group>";
		};
		6D99A5451C144AC500198DD7 /* BubbleViewDemo */ = {
			isa = PBXGroup;
			children = (
				6D99A5611C144F6200198DD7 /* cccsee20151206-0.png */,
				6D99A5491C144AC500198DD7 /* AppDelegate.h */,
				6D99A54A1C144AC500198DD7 /* AppDelegate.m */,
				6D99A54C1C144AC500198DD7 /* ViewController.h */,
				6D99A54D1C144AC500198DD7 /* ViewController.m */,
				6D99A54F1C144AC500198DD7 /* Main.storyboard */,
				6D99A5521C144AC500198DD7 /* Assets.xcassets */,
				6D99A5541C144AC500198DD7 /* LaunchScreen.storyboard */,
				6D99A5571C144AC500198DD7 /* Info.plist */,
				6D99A5461C144AC500198DD7 /* Supporting Files */,
			);
			path = BubbleViewDemo;
			sourceTree = "<group>";
		};
		6D99A5461C144AC500198DD7 /* Supporting Files */ = {
			isa = PBXGroup;
			children = (
				6D99A5471C144AC500198DD7 /* main.m */,
			);
			name = "Supporting Files";
			sourceTree = "<group>";
		};
		6D99A55D1C144BD900198DD7 /* TLBubbleView */ = {
			isa = PBXGroup;
			children = (
				6D99A55E1C144BD900198DD7 /* TLBubbleView.h */,
				6D99A55F1C144BD900198DD7 /* TLBubbleView.m */,
			);
			path = TLBubbleView;
			sourceTree = "<group>";
		};
/* End PBXGroup section */

/* Begin PBXNativeTarget section */
		6D99A5421C144AC500198DD7 /* BubbleViewDemo */ = {
			isa = PBXNativeTarget;
			buildConfigurationList = 6D99A55A1C144AC500198DD7 /* Build configuration list for PBXNativeTarget "BubbleViewDemo" */;
			buildPhases = (
				6D99A53F1C144AC500198DD7 /* Sources */,
				6D99A5401C144AC500198DD7 /* Frameworks */,
				6D99A5411C144AC500198DD7 /* Resources */,
			);
			buildRules = (
			);
			dependencies = (
			);
			name = BubbleViewDemo;
			productName = BubbleViewDemo;
			productReference = 6D99A5431C144AC500198DD7 /* BubbleViewDemo.app */;
			productType = "com.apple.product-type.application";
		};
/* End PBXNativeTarget section */

/* Begin PBXProject section */
		6D99A53B1C144AC500198DD7 /* Project object */ = {
			isa = PBXProject;
			attributes = {
				LastUpgradeCheck = 0710;
				ORGANIZATIONNAME = "刘赞黄Telen";
				TargetAttributes = {
					6D99A5421C144AC500198DD7 = {
						CreatedOnToolsVersion = 7.1;
					};
				};
			};
			buildConfigurationList = 6D99A53E1C144AC500198DD7 /* Build configuration list for PBXProject "BubbleViewDemo" */;
			compatibilityVersion = "Xcode 3.2";
			developmentRegion = English;
			hasScannedForEncodings = 0;
			knownRegions = (
				en,
				Base,
			);
			mainGroup = 6D99A53A1C144AC500198DD7;
			productRefGroup = 6D99A5441C144AC500198DD7 /* Products */;
			projectDirPath = "";
			projectRoot = "";
			targets = (
				6D99A5421C144AC500198DD7 /* BubbleViewDemo */,
			);
		};
/* End PBXProject section */

/* Begin PBXResourcesBuildPhase section */
		6D99A5411C144AC500198DD7 /* Resources */ = {
			isa = PBXResourcesBuildPhase;
			buildActionMask = 2147483647;
			files = (
				6D99A5561C144AC500198DD7 /* LaunchScreen.storyboard in Resources */,
				6D99A5531C144AC500198DD7 /* Assets.xcassets in Resources */,
				6D99A5511C144AC500198DD7 /* Main.storyboard in Resources */,
				6D99A5621C144F6200198DD7 /* cccsee20151206-0.png in Resources */,
			);
			runOnlyForDeploymentPostprocessing = 0;
		};
/* End PBXResourcesBuildPhase section */

/* Begin PBXSourcesBuildPhase section */
		6D99A53F1C144AC500198DD7 /* Sources */ = {
			isa = PBXSourcesBuildPhase;
			buildActionMask = 2147483647;
			files = (
				6D99A5601C144BD900198DD7 /* TLBubbleView.m in Sources */,
				6D99A54E1C144AC500198DD7 /* ViewController.m in Sources */,
				6D99A54B1C144AC500198DD7 /* AppDelegate.m in Sources */,
				6D99A5481C144AC500198DD7 /* main.m in Sources */,
			);
			runOnlyForDeploymentPostprocessing = 0;
		};
/* End PBXSourcesBuildPhase section */

/* Begin PBXVariantGroup section */
		6D99A54F1C144AC500198DD7 /* Main.storyboard */ = {
			isa = PBXVariantGroup;
			children = (
				6D99A5501C144AC500198DD7 /* Base */,
			);
			name = Main.storyboard;
			sourceTree = "<group>";
		};
		6D99A5541C144AC500198DD7 /* LaunchScreen.storyboard */ = {
			isa = PBXVariantGroup;
			children = (
				6D99A5551C144AC500198DD7 /* Base */,
			);
			name = LaunchScreen.storyboard;
			sourceTree = "<group>";
		};
/* End PBXVariantGroup section */

/* Begin XCBuildConfiguration section */
		6D99A5581C144AC500198DD7 /* Debug */ = {
			isa = XCBuildConfiguration;
			buildSettings = {
				ALWAYS_SEARCH_USER_PATHS = NO;
				CLANG_CXX_LANGUAGE_STANDARD = "gnu++0x";
				CLANG_CXX_LIBRARY = "libc++";
				CLANG_ENABLE_MODULES = YES;
				CLANG_ENABLE_OBJC_ARC = YES;
				CLANG_WARN_BOOL_CONVERSION = YES;
				CLANG_WARN_CONSTANT_CONVERSION = YES;
				CLANG_WARN_DIRECT_OBJC_ISA_USAGE = YES_ERROR;
				CLANG_WARN_EMPTY_BODY = YES;
				CLANG_WARN_ENUM_CONVERSION = YES;
				CLANG_WARN_INT_CONVERSION = YES;
				CLANG_WARN_OBJC_ROOT_CLASS = YES_ERROR;
				CLANG_WARN_UNREACHABLE_CODE = YES;
				CLANG_WARN__DUPLICATE_METHOD_MATCH = YES;
				"CODE_SIGN_IDENTITY[sdk=iphoneos*]" = "iPhone Developer";
				COPY_PHASE_STRIP = NO;
				DEBUG_INFORMATION_FORMAT = dwarf;
				ENABLE_STRICT_OBJC_MSGSEND = YES;
				ENABLE_TESTABILITY = YES;
				GCC_C_LANGUAGE_STANDARD = gnu99;
				GCC_DYNAMIC_NO_PIC = NO;
				GCC_NO_COMMON_BLOCKS = YES;
				GCC_OPTIMIZATION_LEVEL = 0;
				GCC_PREPROCESSOR_DEFINITIONS = (
					"DEBUG=1",
					"$(inherited)",
				);
				GCC_WARN_64_TO_32_BIT_CONVERSION = YES;
				GCC_WARN_ABOUT_RETURN_TYPE = YES_ERROR;
				GCC_WARN_UNDECLARED_SELECTOR = YES;
				GCC_WARN_UNINITIALIZED_AUTOS = YES_AGGRESSIVE;
				GCC_WARN_UNUSED_FUNCTION = YES;
				GCC_WARN_UNUSED_VARIABLE = YES;
				IPHONEOS_DEPLOYMENT_TARGET = 9.1;
				MTL_ENABLE_DEBUG_INFO = YES;
				ONLY_ACTIVE_ARCH = YES;
				SDKROOT = iphoneos;
				TARGETED_DEVICE_FAMILY = "1,2";
			};
			name = Debug;
		};
		6D99A5591C144AC500198DD7 /* Release */ = {
			isa = XCBuildConfiguration;
			buildSettings = {
				ALWAYS_SEARCH_USER_PATHS = NO;
				CLANG_CXX_LANGUAGE_STANDARD = "gnu++0x";
				CLANG_CXX_LIBRARY = "libc++";
				CLANG_ENABLE_MODULES = YES;
				CLANG_ENABLE_OBJC_ARC = YES;
				CLANG_WARN_BOOL_CONVERSION = YES;
				CLANG_WARN_CONSTANT_CONVERSION = YES;
				CLANG_WARN_DIRECT_OBJC_ISA_USAGE = YES_ERROR;
				CLANG_WARN_EMPTY_BODY = YES;
				CLANG_WARN_ENUM_CONVERSION = YES;
				CLANG_WARN_INT_CONVERSION = YES;
				CLANG_WARN_OBJC_ROOT_CLASS = YES_ERROR;
				CLANG_WARN_UNREACHABLE_CODE = YES;
				CLANG_WARN__DUPLICATE_METHOD_MATCH = YES;
				"CODE_SIGN_IDENTITY[sdk=iphoneos*]" = "iPhone Developer";
				COPY_PHASE_STRIP = NO;
				DEBUG_INFORMATION_FORMAT = "dwarf-with-dsym";
				ENABLE_NS_ASSERTIONS = NO;
				ENABLE_STRICT_OBJC_MSGSEND = YES;
				GCC_C_LANGUAGE_STANDARD = gnu99;
				GCC_NO_COMMON_BLOCKS = YES;
				GCC_WARN_64_TO_32_BIT_CONVERSION = YES;
				GCC_WARN_ABOUT_RETURN_TYPE = YES_ERROR;
				GCC_WARN_UNDECLARED_SELECTOR = YES;
				GCC_WARN_UNINITIALIZED_AUTOS = YES_AGGRESSIVE;
				GCC_WARN_UNUSED_FUNCTION = YES;
				GCC_WARN_UNUSED_VARIABLE = YES;
				IPHONEOS_DEPLOYMENT_TARGET = 9.1;
				MTL_ENABLE_DEBUG_INFO = NO;
				SDKROOT = iphoneos;
				TARGETED_DEVICE_FAMILY = "1,2";
				VALIDATE_PRODUCT = YES;
			};
			name = Release;
		};
		6D99A55B1C144AC500198DD7 /* Debug */ = {
			isa = XCBuildConfiguration;
			buildSettings = {
				ASSETCATALOG_COMPILER_APPICON_NAME = AppIcon;
				INFOPLIST_FILE = BubbleViewDemo/Info.plist;
				LD_RUNPATH_SEARCH_PATHS = "$(inherited) @executable_path/Frameworks";
				PRODUCT_BUNDLE_IDENTIFIER = cn.cccsee.BubbleViewDemo;
				PRODUCT_NAME = "$(TARGET_NAME)";
			};
			name = Debug;
		};
		6D99A55C1C144AC500198DD7 /* Release */ = {
			isa = XCBuildConfiguration;
			buildSettings = {
				ASSETCATALOG_COMPILER_APPICON_NAME = AppIcon;
				INFOPLIST_FILE = BubbleViewDemo/Info.plist;
				LD_RUNPATH_SEARCH_PATHS = "$(inherited) @executable_path/Frameworks";
				PRODUCT_BUNDLE_IDENTIFIER = cn.cccsee.BubbleViewDemo;
				PRODUCT_NAME = "$(TARGET_NAME)";
			};
			name = Release;
		};
/* End XCBuildConfiguration section */

/* Begin XCConfigurationList section */
		6D99A53E1C144AC500198DD7 /* Build configuration list for PBXProject "BubbleViewDemo" */ = {
			isa = XCConfigurationList;
			buildConfigurations = (
				6D99A5581C144AC500198DD7 /* Debug */,
				6D99A5591C144AC500198DD7 /* Release */,
			);
			defaultConfigurationIsVisible = 0;
			defaultConfigurationName = Release;
		};
		6D99A55A1C144AC500198DD7 /* Build configuration list for PBXNativeTarget "BubbleViewDemo" */ = {
			isa = XCConfigurationList;
			buildConfigurations = (
				6D99A55B1C144AC500198DD7 /* Debug */,
				6D99A55C1C144AC500198DD7 /* Release */,
			);
			defaultConfigurationIsVisible = 0;
		};
/* End XCConfigurationList section */
	};
	rootObject = 6D99A53B1C144AC500198DD7 /* Project object */;
}
